
Microsoft Visual Studio Solution File, Format Version 12.00
# Visual Studio Version 16
VisualStudioVersion = 16.0.34031.81
MinimumVisualStudioVersion = 10.0.40219.1
Project("{FAE04EC0-301F-11D3-BF4B-00C04F79EFBC}") = "Calculator", "Calculator.csproj", "{45DCBF39-1C22-4865-90E3-EB8841C2CC28}"
EndProject
Global
	GlobalSection(SolutionConfigurationPlatforms) = preSolution
		Debug|Any CPU = Debug|Any CPU
		Release|Any CPU = Release|Any CPU
	EndGlobalSection
	GlobalSection(ProjectConfigurationPlatforms) = postSolution
		{45DCBF39-1C22-4865-90E3-EB8841C2CC28}.Debug|Any CPU.ActiveCfg = Debug|Any CPU
		{45DCBF39-1C22-4865-90E3-EB8841C2CC28}.Debug|Any CPU.Build.0 = Debug|Any CPU
		{45DCBF39-1C22-4865-90E3-EB8841C2CC28}.Release|Any CPU.ActiveCfg = Release|Any CPU
		{45DCBF39-1C22-4865-90E3-EB8841C2CC28}.Release|Any CPU.Build.0 = Release|Any CPU
	EndGlobalSection
	GlobalSection(SolutionProperties) = preSolution
		HideSolutionNode = FALSE
	EndGlobalSection
	GlobalSection(ExtensibilityGlobals) = postSolution
		SolutionGuid = {042E9A6C-705C-44DF-964E-BA167EBE6C7F}
	EndGlobalSection
EndGlobal
