
Microsoft Visual Studio Solution File, Format Version 12.00
# Visual Studio 2013
VisualStudioVersion = 12.0.40629.0
MinimumVisualStudioVersion = 10.0.40219.1
Project("{FAE04EC0-301F-11D3-BF4B-00C04F79EFBC}") = "Class_Object", "Class_Object\Class_Object.csproj", "{194731BF-25BD-4598-9A51-BC85033C82CD}"
EndProject
Project("{FAE04EC0-301F-11D3-BF4B-00C04F79EFBC}") = "Class_Object_extended", "Class_Object_extended\Class_Object_extended.csproj", "{B14DBCA7-7208-4B27-B40C-C84733BB3F67}"
EndProject
Project("{FAE04EC0-301F-11D3-BF4B-00C04F79EFBC}") = "Class_Object_Updated", "Class_Object_Updated\Class_Object_Updated.csproj", "{CCF5979A-E715-427B-86CD-25DD1E540098}"
EndProject
Global
	GlobalSection(SolutionConfigurationPlatforms) = preSolution
		Debug|Any CPU = Debug|Any CPU
		Release|Any CPU = Release|Any CPU
	EndGlobalSection
	GlobalSection(ProjectConfigurationPlatforms) = postSolution
		{194731BF-25BD-4598-9A51-BC85033C82CD}.Debug|Any CPU.ActiveCfg = Debug|Any CPU
		{194731BF-25BD-4598-9A51-BC85033C82CD}.Debug|Any CPU.Build.0 = Debug|Any CPU
		{194731BF-25BD-4598-9A51-BC85033C82CD}.Release|Any CPU.ActiveCfg = Release|Any CPU
		{194731BF-25BD-4598-9A51-BC85033C82CD}.Release|Any CPU.Build.0 = Release|Any CPU
		{B14DBCA7-7208-4B27-B40C-C84733BB3F67}.Debug|Any CPU.ActiveCfg = Debug|Any CPU
		{B14DBCA7-7208-4B27-B40C-C84733BB3F67}.Debug|Any CPU.Build.0 = Debug|Any CPU
		{B14DBCA7-7208-4B27-B40C-C84733BB3F67}.Release|Any CPU.ActiveCfg = Release|Any CPU
		{B14DBCA7-7208-4B27-B40C-C84733BB3F67}.Release|Any CPU.Build.0 = Release|Any CPU
		{CCF5979A-E715-427B-86CD-25DD1E540098}.Debug|Any CPU.ActiveCfg = Debug|Any CPU
		{CCF5979A-E715-427B-86CD-25DD1E540098}.Debug|Any CPU.Build.0 = Debug|Any CPU
		{CCF5979A-E715-427B-86CD-25DD1E540098}.Release|Any CPU.ActiveCfg = Release|Any CPU
		{CCF5979A-E715-427B-86CD-25DD1E540098}.Release|Any CPU.Build.0 = Release|Any CPU
	EndGlobalSection
	GlobalSection(SolutionProperties) = preSolution
		HideSolutionNode = FALSE
	EndGlobalSection
EndGlobal
